// !$*UTF8*$!
{
	archiveVersion = 1;
	classes = {
	};
	objectVersion = 50;
	objects = {

/* Begin PBXBuildFile section */
		C566C264232FDE19004F9B41 /* AppDelegate.swift in Sources */ = {isa = PBXBuildFile; fileRef = C566C263232FDE19004F9B41 /* AppDelegate.swift */; };
		C566C266232FDE19004F9B41 /* ViewController.swift in Sources */ = {isa = PBXBuildFile; fileRef = C566C265232FDE19004F9B41 /* ViewController.swift */; };
		C566C269232FDE19004F9B41 /* Main.storyboard in Resources */ = {isa = PBXBuildFile; fileRef = C566C267232FDE19004F9B41 /* Main.storyboard */; };
		C566C26B232FDE1A004F9B41 /* Assets.xcassets in Resources */ = {isa = PBXBuildFile; fileRef = C566C26A232FDE1A004F9B41 /* Assets.xcassets */; };
		C566C26E232FDE1A004F9B41 /* LaunchScreen.storyboard in Resources */ = {isa = PBXBuildFile; fileRef = C566C26C232FDE1A004F9B41 /* LaunchScreen.storyboard */; };
/* End PBXBuildFile section */

/* Begin PBXFileReference section */
		C566C260232FDE19004F9B41 /* Bip The Guy.app */ = {isa = PBXFileReference; explicitFileType = wrapper.application; includeInIndex = 0; path = "Bip The Guy.app"; sourceTree = BUILT_PRODUCTS_DIR; };
		C566C263232FDE19004F9B41 /* AppDelegate.swift */ = {isa = PBXFileReference; lastKnownFileType = sourcecode.swift; path = AppDelegate.swift; sourceTree = "<group>"; };
		C566C265232FDE19004F9B41 /* ViewController.swift */ = {isa = PBXFileReference; lastKnownFileType = sourcecode.swift; path = ViewController.swift; sourceTree = "<group>"; };
		C566C268232FDE19004F9B41 /* Base */ = {isa = PBXFileReference; lastKnownFileType = file.storyboard; name = Base; path = Base.lproj/Main.storyboard; sourceTree = "<group>"; };
		C566C26A232FDE1A004F9B41 /* Assets.xcassets */ = {isa = PBXFileReference; lastKnownFileType = folder.assetcatalog; path = Assets.xcassets; sourceTree = "<group>"; };
		C566C26D232FDE1A004F9B41 /* Base */ = {isa = PBXFileReference; lastKnownFileType = file.storyboard; name = Base; path = Base.lproj/LaunchScreen.storyboard; sourceTree = "<group>"; };
		C566C26F232FDE1A004F9B41 /* Info.plist */ = {isa = PBXFileReference; lastKnownFileType = text.plist.xml; path = Info.plist; sourceTree = "<group>"; };
/* End PBXFileReference section */

/* Begin PBXFrameworksBuildPhase section */
		C566C25D232FDE19004F9B41 /* Frameworks */ = {
			isa = PBXFrameworksBuildPhase;
			buildActionMask = 2147483647;
			files = (
			);
			runOnlyForDeploymentPostprocessing = 0;
		};
/* End PBXFrameworksBuildPhase section */

/* Begin PBXGroup section */
		C566C257232FDE19004F9B41 = {
			isa = PBXGroup;
			children = (
				C566C262232FDE19004F9B41 /* Bip The Guy */,
				C566C261232FDE19004F9B41 /* Products */,
			);
			sourceTree = "<group>";
		};
		C566C261232FDE19004F9B41 /* Products */ = {
			isa = PBXGroup;
			children = (
				C566C260232FDE19004F9B41 /* Bip The Guy.app */,
			);
			name = Products;
			sourceTree = "<group>";
		};
		C566C262232FDE19004F9B41 /* Bip The Guy */ = {
			isa = PBXGroup;
			children = (
				C566C263232FDE19004F9B41 /* AppDelegate.swift */,
				C566C265232FDE19004F9B41 /* ViewController.swift */,
				C566C267232FDE19004F9B41 /* Main.storyboard */,
				C566C26A232FDE1A004F9B41 /* Assets.xcassets */,
				C566C26C232FDE1A004F9B41 /* LaunchScreen.storyboard */,
				C566C26F232FDE1A004F9B41 /* Info.plist */,
			);
			path = "Bip The Guy";
			sourceTree = "<group>";
		};
/* End PBXGroup section */

/* Begin PBXNativeTarget section */
		C566C25F232FDE19004F9B41 /* Bip The Guy */ = {
			isa = PBXNativeTarget;
			buildConfigurationList = C566C272232FDE1A004F9B41 /* Build configuration list for PBXNativeTarget "Bip The Guy" */;
			buildPhases = (
				C566C25C232FDE19004F9B41 /* Sources */,
				C566C25D232FDE19004F9B41 /* Frameworks */,
				C566C25E232FDE19004F9B41 /* Resources */,
			);
			buildRules = (
			);
			dependencies = (
			);
			name = "Bip The Guy";
			productName = "Bip The Guy";
			productReference = C566C260232FDE19004F9B41 /* Bip The Guy.app */;
			productType = "com.apple.product-type.application";
		};
/* End PBXNativeTarget section */

/* Begin PBXProject section */
		C566C258232FDE19004F9B41 /* Project object */ = {
			isa = PBXProject;
			attributes = {
				LastSwiftUpdateCheck = 1030;
				LastUpgradeCheck = 1030;
				ORGANIZATIONNAME = "Carter Borchetta";
				TargetAttributes = {
					C566C25F232FDE19004F9B41 = {
						CreatedOnToolsVersion = 10.3;
					};
				};
			};
			buildConfigurationList = C566C25B232FDE19004F9B41 /* Build configuration list for PBXProject "Bip The Guy" */;
			compatibilityVersion = "Xcode 9.3";
			developmentRegion = en;
			hasScannedForEncodings = 0;
			knownRegions = (
				en,
				Base,
			);
			mainGroup = C566C257232FDE19004F9B41;
			productRefGroup = C566C261232FDE19004F9B41 /* Products */;
			projectDirPath = "";
			projectRoot = "";
			targets = (
				C566C25F232FDE19004F9B41 /* Bip The Guy */,
			);
		};
/* End PBXProject section */

/* Begin PBXResourcesBuildPhase section */
		C566C25E232FDE19004F9B41 /* Resources */ = {
			isa = PBXResourcesBuildPhase;
			buildActionMask = 2147483647;
			files = (
				C566C26E232FDE1A004F9B41 /* LaunchScreen.storyboard in Resources */,
				C566C26B232FDE1A004F9B41 /* Assets.xcassets in Resources */,
				C566C269232FDE19004F9B41 /* Main.storyboard in Resources */,
			);
			runOnlyForDeploymentPostprocessing = 0;
		};
/* End PBXResourcesBuildPhase section */

/* Begin PBXSourcesBuildPhase section */
		C566C25C232FDE19004F9B41 /* Sources */ = {
			isa = PBXSourcesBuildPhase;
			buildActionMask = 2147483647;
			files = (
				C566C266232FDE19004F9B41 /* ViewController.swift in Sources */,
				C566C264232FDE19004F9B41 /* AppDelegate.swift in Sources */,
			);
			runOnlyForDeploymentPostprocessing = 0;
		};
/* End PBXSourcesBuildPhase section */

/* Begin PBXVariantGroup section */
		C566C267232FDE19004F9B41 /* Main.storyboard */ = {
			isa = PBXVariantGroup;
			children = (
				C566C268232FDE19004F9B41 /* Base */,
			);
			name = Main.storyboard;
			sourceTree = "<group>";
		};
		C566C26C232FDE1A004F9B41 /* LaunchScreen.storyboard */ = {
			isa = PBXVariantGroup;
			children = (
				C566C26D232FDE1A004F9B41 /* Base */,
			);
			name = LaunchScreen.storyboard;
			sourceTree = "<group>";
		};
/* End PBXVariantGroup section */

/* Begin XCBuildConfiguration section */
		C566C270232FDE1A004F9B41 /* Debug */ = {
			isa = XCBuildConfiguration;
			buildSettings = {
				ALWAYS_SEARCH_USER_PATHS = NO;
				CLANG_ANALYZER_NONNULL = YES;
				CLANG_ANALYZER_NUMBER_OBJECT_CONVERSION = YES_AGGRESSIVE;
				CLANG_CXX_LANGUAGE_STANDARD = "gnu++14";
				CLANG_CXX_LIBRARY = "libc++";
				CLANG_ENABLE_MODULES = YES;
				CLANG_ENABLE_OBJC_ARC = YES;
				CLANG_ENABLE_OBJC_WEAK = YES;
				CLANG_WARN_BLOCK_CAPTURE_AUTORELEASING = YES;
				CLANG_WARN_BOOL_CONVERSION = YES;
				CLANG_WARN_COMMA = YES;
				CLANG_WARN_CONSTANT_CONVERSION = YES;
				CLANG_WARN_DEPRECATED_OBJC_IMPLEMENTATIONS = YES;
				CLANG_WARN_DIRECT_OBJC_ISA_USAGE = YES_ERROR;
				CLANG_WARN_DOCUMENTATION_COMMENTS = YES;
				CLANG_WARN_EMPTY_BODY = YES;
				CLANG_WARN_ENUM_CONVERSION = YES;
				CLANG_WARN_INFINITE_RECURSION = YES;
				CLANG_WARN_INT_CONVERSION = YES;
				CLANG_WARN_NON_LITERAL_NULL_CONVERSION = YES;
				CLANG_WARN_OBJC_IMPLICIT_RETAIN_SELF = YES;
				CLANG_WARN_OBJC_LITERAL_CONVERSION = YES;
				CLANG_WARN_OBJC_ROOT_CLASS = YES_ERROR;
				CLANG_WARN_RANGE_LOOP_ANALYSIS = YES;
				CLANG_WARN_STRICT_PROTOTYPES = YES;
				CLANG_WARN_SUSPICIOUS_MOVE = YES;
				CLANG_WARN_UNGUARDED_AVAILABILITY = YES_AGGRESSIVE;
				CLANG_WARN_UNREACHABLE_CODE = YES;
				CLANG_WARN__DUPLICATE_METHOD_MATCH = YES;
				CODE_SIGN_IDENTITY = "iPhone Developer";
				COPY_PHASE_STRIP = NO;
				DEBUG_INFORMATION_FORMAT = dwarf;
				ENABLE_STRICT_OBJC_MSGSEND = YES;
				ENABLE_TESTABILITY = YES;
				GCC_C_LANGUAGE_STANDARD = gnu11;
				GCC_DYNAMIC_NO_PIC = NO;
				GCC_NO_COMMON_BLOCKS = YES;
				GCC_OPTIMIZATION_LEVEL = 0;
				GCC_PREPROCESSOR_DEFINITIONS = (
					"DEBUG=1",
					"$(inherited)",
				);
				GCC_WARN_64_TO_32_BIT_CONVERSION = YES;
				GCC_WARN_ABOUT_RETURN_TYPE = YES_ERROR;
				GCC_WARN_UNDECLARED_SELECTOR = YES;
				GCC_WARN_UNINITIALIZED_AUTOS = YES_AGGRESSIVE;
				GCC_WARN_UNUSED_FUNCTION = YES;
				GCC_WARN_UNUSED_VARIABLE = YES;
				IPHONEOS_DEPLOYMENT_TARGET = 12.4;
				MTL_ENABLE_DEBUG_INFO = INCLUDE_SOURCE;
				MTL_FAST_MATH = YES;
				ONLY_ACTIVE_ARCH = YES;
				SDKROOT = iphoneos;
				SWIFT_ACTIVE_COMPILATION_CONDITIONS = DEBUG;
				SWIFT_OPTIMIZATION_LEVEL = "-Onone";
			};
			name = Debug;
		};
		C566C271232FDE1A004F9B41 /* Release */ = {
			isa = XCBuildConfiguration;
			buildSettings = {
				ALWAYS_SEARCH_USER_PATHS = NO;
				CLANG_ANALYZER_NONNULL = YES;
				CLANG_ANALYZER_NUMBER_OBJECT_CONVERSION = YES_AGGRESSIVE;
				CLANG_CXX_LANGUAGE_STANDARD = "gnu++14";
				CLANG_CXX_LIBRARY = "libc++";
				CLANG_ENABLE_MODULES = YES;
				CLANG_ENABLE_OBJC_ARC = YES;
				CLANG_ENABLE_OBJC_WEAK = YES;
				CLANG_WARN_BLOCK_CAPTURE_AUTORELEASING = YES;
				CLANG_WARN_BOOL_CONVERSION = YES;
				CLANG_WARN_COMMA = YES;
				CLANG_WARN_CONSTANT_CONVERSION = YES;
				CLANG_WARN_DEPRECATED_OBJC_IMPLEMENTATIONS = YES;
				CLANG_WARN_DIRECT_OBJC_ISA_USAGE = YES_ERROR;
				CLANG_WARN_DOCUMENTATION_COMMENTS = YES;
				CLANG_WARN_EMPTY_BODY = YES;
				CLANG_WARN_ENUM_CONVERSION = YES;
				CLANG_WARN_INFINITE_RECURSION = YES;
				CLANG_WARN_INT_CONVERSION = YES;
				CLANG_WARN_NON_LITERAL_NULL_CONVERSION = YES;
				CLANG_WARN_OBJC_IMPLICIT_RETAIN_SELF = YES;
				CLANG_WARN_OBJC_LITERAL_CONVERSION = YES;
				CLANG_WARN_OBJC_ROOT_CLASS = YES_ERROR;
				CLANG_WARN_RANGE_LOOP_ANALYSIS = YES;
				CLANG_WARN_STRICT_PROTOTYPES = YES;
				CLANG_WARN_SUSPICIOUS_MOVE = YES;
				CLANG_WARN_UNGUARDED_AVAILABILITY = YES_AGGRESSIVE;
				CLANG_WARN_UNREACHABLE_CODE = YES;
				CLANG_WARN__DUPLICATE_METHOD_MATCH = YES;
				CODE_SIGN_IDENTITY = "iPhone Developer";
				COPY_PHASE_STRIP = NO;
				DEBUG_INFORMATION_FORMAT = "dwarf-with-dsym";
				ENABLE_NS_ASSERTIONS = NO;
				ENABLE_STRICT_OBJC_MSGSEND = YES;
				GCC_C_LANGUAGE_STANDARD = gnu11;
				GCC_NO_COMMON_BLOCKS = YES;
				GCC_WARN_64_TO_32_BIT_CONVERSION = YES;
				GCC_WARN_ABOUT_RETURN_TYPE = YES_ERROR;
				GCC_WARN_UNDECLARED_SELECTOR = YES;
				GCC_WARN_UNINITIALIZED_AUTOS = YES_AGGRESSIVE;
				GCC_WARN_UNUSED_FUNCTION = YES;
				GCC_WARN_UNUSED_VARIABLE = YES;
				IPHONEOS_DEPLOYMENT_TARGET = 12.4;
				MTL_ENABLE_DEBUG_INFO = NO;
				MTL_FAST_MATH = YES;
				SDKROOT = iphoneos;
				SWIFT_COMPILATION_MODE = wholemodule;
				SWIFT_OPTIMIZATION_LEVEL = "-O";
				VALIDATE_PRODUCT = YES;
			};
			name = Release;
		};
		C566C273232FDE1A004F9B41 /* Debug */ = {
			isa = XCBuildConfiguration;
			buildSettings = {
				ASSETCATALOG_COMPILER_APPICON_NAME = AppIcon;
				CODE_SIGN_STYLE = Automatic;
				DEVELOPMENT_TEAM = NSTS32W8H5;
				INFOPLIST_FILE = "Bip The Guy/Info.plist";
				LD_RUNPATH_SEARCH_PATHS = (
					"$(inherited)",
					"@executable_path/Frameworks",
				);
				PRODUCT_BUNDLE_IDENTIFIER = "com.Borchetta.Bip-The-Guy";
				PRODUCT_NAME = "$(TARGET_NAME)";
				SWIFT_VERSION = 5.0;
				TARGETED_DEVICE_FAMILY = "1,2";
			};
			name = Debug;
		};
		C566C274232FDE1A004F9B41 /* Release */ = {
			isa = XCBuildConfiguration;
			buildSettings = {
				ASSETCATALOG_COMPILER_APPICON_NAME = AppIcon;
				CODE_SIGN_STYLE = Automatic;
				DEVELOPMENT_TEAM = NSTS32W8H5;
				INFOPLIST_FILE = "Bip The Guy/Info.plist";
				LD_RUNPATH_SEARCH_PATHS = (
					"$(inherited)",
					"@executable_path/Frameworks",
				);
				PRODUCT_BUNDLE_IDENTIFIER = "com.Borchetta.Bip-The-Guy";
				PRODUCT_NAME = "$(TARGET_NAME)";
				SWIFT_VERSION = 5.0;
				TARGETED_DEVICE_FAMILY = "1,2";
			};
			name = Release;
		};
/* End XCBuildConfiguration section */

/* Begin XCConfigurationList section */
		C566C25B232FDE19004F9B41 /* Build configuration list for PBXProject "Bip The Guy" */ = {
			isa = XCConfigurationList;
			buildConfigurations = (
				C566C270232FDE1A004F9B41 /* Debug */,
				C566C271232FDE1A004F9B41 /* Release */,
			);
			defaultConfigurationIsVisible = 0;
			defaultConfigurationName = Release;
		};
		C566C272232FDE1A004F9B41 /* Build configuration list for PBXNativeTarget "Bip The Guy" */ = {
			isa = XCConfigurationList;
			buildConfigurations = (
				C566C273232FDE1A004F9B41 /* Debug */,
				C566C274232FDE1A004F9B41 /* Release */,
			);
			defaultConfigurationIsVisible = 0;
			defaultConfigurationName = Release;
		};
/* End XCConfigurationList section */
	};
	rootObject = C566C258232FDE19004F9B41 /* Project object */;
}
